
Microsoft Visual Studio Solution File, Format Version 12.00
# Visual Studio Version 16
VisualStudioVersion = 16.0.31729.503
MinimumVisualStudioVersion = 10.0.40219.1
Project("{FAE04EC0-301F-11D3-BF4B-00C04F79EFBC}") = "Functions", "Functions\Functions.csproj", "{FD8B26B4-D6B9-485A-90A6-851040D45145}"
EndProject
Global
	GlobalSection(SolutionConfigurationPlatforms) = preSolution
		Debug|Any CPU = Debug|Any CPU
		Release|Any CPU = Release|Any CPU
	EndGlobalSection
	GlobalSection(ProjectConfigurationPlatforms) = postSolution
		{FD8B26B4-D6B9-485A-90A6-851040D45145}.Debug|Any CPU.ActiveCfg = Debug|Any CPU
		{FD8B26B4-D6B9-485A-90A6-851040D45145}.Debug|Any CPU.Build.0 = Debug|Any CPU
		{FD8B26B4-D6B9-485A-90A6-851040D45145}.Release|Any CPU.ActiveCfg = Release|Any CPU
		{FD8B26B4-D6B9-485A-90A6-851040D45145}.Release|Any CPU.Build.0 = Release|Any CPU
	EndGlobalSection
	GlobalSection(SolutionProperties) = preSolution
		HideSolutionNode = FALSE
	EndGlobalSection
	GlobalSection(ExtensibilityGlobals) = postSolution
		SolutionGuid = {0EBBF1F1-F72A-478D-BE09-CC8A568AEE97}
	EndGlobalSection
EndGlobal
